
Microsoft Visual Studio Solution File, Format Version 12.00
# Visual Studio 15
VisualStudioVersion = 15.0.28010.2036
MinimumVisualStudioVersion = 10.0.40219.1
Project("{FAE04EC0-301F-11D3-BF4B-00C04F79EFBC}") = "TownIncome", "TownIncome\TownIncome.csproj", "{BF76F012-AE41-4F67-8437-5412C449DAC0}"
EndProject
Global
	GlobalSection(SolutionConfigurationPlatforms) = preSolution
		Debug|Any CPU = Debug|Any CPU
		Release|Any CPU = Release|Any CPU
	EndGlobalSection
	GlobalSection(ProjectConfigurationPlatforms) = postSolution
		{BF76F012-AE41-4F67-8437-5412C449DAC0}.Debug|Any CPU.ActiveCfg = Debug|Any CPU
		{BF76F012-AE41-4F67-8437-5412C449DAC0}.Debug|Any CPU.Build.0 = Debug|Any CPU
		{BF76F012-AE41-4F67-8437-5412C449DAC0}.Release|Any CPU.ActiveCfg = Release|Any CPU
		{BF76F012-AE41-4F67-8437-5412C449DAC0}.Release|Any CPU.Build.0 = Release|Any CPU
	EndGlobalSection
	GlobalSection(SolutionProperties) = preSolution
		HideSolutionNode = FALSE
	EndGlobalSection
	GlobalSection(ExtensibilityGlobals) = postSolution
		SolutionGuid = {9CAE11FB-3069-4391-8149-EF0360F8FB28}
	EndGlobalSection
EndGlobal
